<Solution>
  <Folder Name="/Solution Items/">
    <File Path=".editorconfig" />
    <File Path="ClassDiagram_V2.png" />
    <File Path="ERD_V2.png" />
  </Folder>
  <Folder Name="/src/">
    <Project Path="src/Blackjack.CLI/Blackjack.CLI.csproj" />
    <Project Path="src/Blackjack.Core/Blackjack.Core.csproj" />
  </Folder>
  <Folder Name="/src/Tests/">
    <Project Path="src/Tests/Blackjack.Core.Test/Blackjack.Core.Test.csproj" Id="d87af894-eb44-40fa-acb7-7bbcfcb20c52" />
  </Folder>
</Solution>
